<?xml version="1.0" encoding="utf-8"?>
<Project ToolsVersion="4.0" xmlns="http://schemas.microsoft.com/developer/msbuild/2003">
  <ItemGroup>
    <Filter Include="Source Files">
      <UniqueIdentifier>{4FC737F1-C7A5-4376-A066-2A32D752A2FF}</UniqueIdentifier>
      <Extensions>cpp;c;cc;cxx;def;odl;idl;hpj;bat;asm;asmx</Extensions>
    </Filter>
    <Filter Include="Header Files">
      <UniqueIdentifier>{93995380-89BD-4b04-88EB-625FBE52EBFB}</UniqueIdentifier>
      <Extensions>h;hh;hpp;hxx;hm;inl;inc;xsd</Extensions>
    </Filter>
    <Filter Include="Resource Files">
      <UniqueIdentifier>{67DA6AB6-F800-4c08-8B7A-83BB121AAD01}</UniqueIdentifier>
      <Extensions>rc;ico;cur;bmp;dlg;rc2;rct;bin;rgs;gif;jpg;jpeg;jpe;resx;tiff;tif;png;wav;mfcribbon-ms</Extensions>
    </Filter>
    <Filter Include="Header Files\api">
      <UniqueIdentifier>{b111b85f-10f2-4f93-815a-162bab8a6e3d}</UniqueIdentifier>
    </Filter>
    <Filter Include="Header Files\api\compiler">
      <UniqueIdentifier>{82da988b-7966-485d-9d74-84d2f88531a8}</UniqueIdentifier>
    </Filter>
    <Filter Include="Header Files\exception">
      <UniqueIdentifier>{b9e5c23d-e97f-4eb5-93d8-c655d440c4b9}</UniqueIdentifier>
    </Filter>
    <Filter Include="Header Files\machine">
      <UniqueIdentifier>{1c57551a-d7da-44d8-9c1b-9c9e7d45eb50}</UniqueIdentifier>
    </Filter>
    <Filter Include="Header Files\force">
      <UniqueIdentifier>{19b0d235-6ae2-4629-9cd5-b5b7757c4a20}</UniqueIdentifier>
    </Filter>
    <Filter Include="Header Files\api\grammar">
      <UniqueIdentifier>{4dc64eab-b409-41dc-9885-e6eb0a34b9fd}</UniqueIdentifier>
    </Filter>
    <Filter Include="Source Files\machine">
      <UniqueIdentifier>{b8ea5d00-fea5-48d6-bcfa-b1f330332c73}</UniqueIdentifier>
    </Filter>
    <Filter Include="Source Files\api">
      <UniqueIdentifier>{e3c586a8-21f9-425b-a49a-015d2f47cdde}</UniqueIdentifier>
    </Filter>
    <Filter Include="Source Files\machine\debug">
      <UniqueIdentifier>{67cf4f1c-a64a-4079-8dc6-a5171bbb58d7}</UniqueIdentifier>
    </Filter>
    <Filter Include="Header Files\api\framework">
      <UniqueIdentifier>{9184172a-6b40-4cad-a5d3-f7f91704de94}</UniqueIdentifier>
    </Filter>
    <Filter Include="Header Files\stream">
      <UniqueIdentifier>{06790f97-ce0f-4f7c-8237-0a859d601d2b}</UniqueIdentifier>
    </Filter>
    <Filter Include="Header Files\utility">
      <UniqueIdentifier>{dbd59d94-569a-4aeb-9f59-0ea404a8daa6}</UniqueIdentifier>
    </Filter>
    <Filter Include="Header Files\api\framework\native">
      <UniqueIdentifier>{b6605450-4dbe-454b-b689-6a40d5339c97}</UniqueIdentifier>
    </Filter>
    <Filter Include="Header Files\machine\scope">
      <UniqueIdentifier>{9fb3c25a-1389-43b5-b6c6-acdf4b07711b}</UniqueIdentifier>
    </Filter>
    <Filter Include="Header Files\api\framework\executable">
      <UniqueIdentifier>{95b115de-0853-4c39-af86-9f7b4d4da144}</UniqueIdentifier>
    </Filter>
    <Filter Include="Header Files\standard">
      <UniqueIdentifier>{5655579d-6d66-4e37-a65f-4965070a1071}</UniqueIdentifier>
    </Filter>
    <Filter Include="Header Files\machine\debug">
      <UniqueIdentifier>{06c13058-d866-4498-8c02-0bd33bd7ef1e}</UniqueIdentifier>
    </Filter>
    <Filter Include="Header Files\api\framework\object">
      <UniqueIdentifier>{395a5fff-00c6-4cd8-988c-78bb2c49dd41}</UniqueIdentifier>
    </Filter>
  </ItemGroup>
  <ItemGroup>
    <ClCompile Include="main.cpp">
      <Filter>Source Files</Filter>
    </ClCompile>
    <ClCompile Include="biaDisassembler.cpp">
      <Filter>Source Files\machine\debug</Filter>
    </ClCompile>
    <ClCompile Include="bia.cpp">
      <Filter>Source Files</Filter>
    </ClCompile>
    <ClCompile Include="biaMachineContext.cpp">
      <Filter>Source Files\machine</Filter>
    </ClCompile>
    <ClCompile Include="biaMachineHelper.cpp">
      <Filter>Source Files\machine</Filter>
    </ClCompile>
    <ClCompile Include="biaClassOperator.h">
      <Filter>Header Files\api\framework\object</Filter>
    </ClCompile>
  </ItemGroup>
  <ItemGroup>
    <ClInclude Include="resource.h">
      <Filter>Header Files</Filter>
    </ClInclude>
    <ClInclude Include="biaGlobal.h">
      <Filter>Header Files</Filter>
    </ClInclude>
    <ClInclude Include="bia.h">
      <Filter>Header Files</Filter>
    </ClInclude>
    <ClInclude Include="biaConditionMarker.h">
      <Filter>Header Files\api\compiler</Filter>
    </ClInclude>
    <ClInclude Include="biaException.h">
      <Filter>Header Files\exception</Filter>
    </ClInclude>
    <ClInclude Include="biaDisguisedCaller.h">
      <Filter>Header Files\force</Filter>
    </ClInclude>
    <ClInclude Include="biaGrammar.h">
      <Filter>Header Files\api\grammar</Filter>
    </ClInclude>
    <ClInclude Include="biaMachineContext.h">
      <Filter>Header Files\machine</Filter>
    </ClInclude>
    <ClInclude Include="biaMachineSettings.h">
      <Filter>Header Files\machine</Filter>
    </ClInclude>
    <ClInclude Include="biaMachineStack.h">
      <Filter>Header Files\machine</Filter>
    </ClInclude>
    <ClInclude Include="biaOpCodes.h">
      <Filter>Header Files\machine</Filter>
    </ClInclude>
    <ClInclude Include="biaParameter.h">
      <Filter>Header Files\api</Filter>
    </ClInclude>
    <ClInclude Include="biaStreamBuffer.h">
      <Filter>Header Files\stream</Filter>
    </ClInclude>
    <ClInclude Include="biaMemberHolder.h">
      <Filter>Header Files\api\framework</Filter>
    </ClInclude>
    <ClInclude Include="biaHash.h">
      <Filter>Header Files\utility</Filter>
    </ClInclude>
    <ClInclude Include="biaMember.h">
      <Filter>Header Files\api\framework</Filter>
    </ClInclude>
    <ClInclude Include="biaTemplateTable.h">
      <Filter>Header Files\api\framework</Filter>
    </ClInclude>
    <ClInclude Include="biaDouble.h">
      <Filter>Header Files\api\framework\native</Filter>
    </ClInclude>
    <ClInclude Include="biaLong.h">
      <Filter>Header Files\api\framework\native</Filter>
    </ClInclude>
    <ClInclude Include="biaFloat.h">
      <Filter>Header Files\api\framework\native</Filter>
    </ClInclude>
    <ClInclude Include="biaType.h">
      <Filter>Header Files\utility</Filter>
    </ClInclude>
    <ClInclude Include="biaKey.h">
      <Filter>Header Files\machine</Filter>
    </ClInclude>
    <ClInclude Include="biaMemberCreator.h">
      <Filter>Header Files\api\framework</Filter>
    </ClInclude>
    <ClInclude Include="biaNativeVariable.h">
      <Filter>Header Files\api\framework\native</Filter>
    </ClInclude>
    <ClInclude Include="biaIniter.h">
      <Filter>Header Files\api\framework</Filter>
    </ClInclude>
    <ClInclude Include="biaScopeStorage.h">
      <Filter>Header Files\machine\scope</Filter>
    </ClInclude>
    <ClInclude Include="biaScopeElement.h">
      <Filter>Header Files\machine\scope</Filter>
    </ClInclude>
    <ClInclude Include="biaScope.h">
      <Filter>Header Files\machine\scope</Filter>
    </ClInclude>
    <ClInclude Include="biaMachineHelper.h">
      <Filter>Header Files\machine</Filter>
    </ClInclude>
    <ClInclude Include="biaByteStream.h">
      <Filter>Header Files\stream</Filter>
    </ClInclude>
    <ClInclude Include="biaStream.h">
      <Filter>Header Files\stream</Filter>
    </ClInclude>
    <ClInclude Include="biaHasher.h">
      <Filter>Header Files\utility</Filter>
    </ClInclude>
    <ClInclude Include="biaStaticFunction.h">
      <Filter>Header Files\api\framework\executable</Filter>
    </ClInclude>
    <ClInclude Include="biaFunction.h">
      <Filter>Header Files\api\framework\executable</Filter>
    </ClInclude>
    <ClInclude Include="biaMemberFunction.h">
      <Filter>Header Files\api\framework\executable</Filter>
    </ClInclude>
    <ClInclude Include="biaLambdaFunction.h">
      <Filter>Header Files\api\framework\executable</Filter>
    </ClInclude>
    <ClInclude Include="biaDoubleRef.h">
      <Filter>Header Files\api\framework\native</Filter>
    </ClInclude>
    <ClInclude Include="biaFloatRef.h">
      <Filter>Header Files\api\framework\native</Filter>
    </ClInclude>
    <ClInclude Include="biaLongRef.h">
      <Filter>Header Files\api\framework\native</Filter>
    </ClInclude>
    <ClInclude Include="biaStdVector.h">
      <Filter>Header Files\standard</Filter>
    </ClInclude>
    <ClInclude Include="biaBiaFunction.h">
      <Filter>Header Files\api\framework\executable</Filter>
    </ClInclude>
    <ClInclude Include="biaNamespace.h">
      <Filter>Header Files\api\framework</Filter>
    </ClInclude>
    <ClInclude Include="biaMemberHolderSize.h">
      <Filter>Header Files\api\framework</Filter>
    </ClInclude>
    <ClInclude Include="biaStaticMemberFunction.h">
      <Filter>Header Files\api\framework\executable</Filter>
    </ClInclude>
    <ClInclude Include="biaLambdaMemberFunction.h">
      <Filter>Header Files\api\framework\executable</Filter>
    </ClInclude>
    <ClInclude Include="biaModule.h">
      <Filter>Header Files</Filter>
    </ClInclude>
    <ClInclude Include="biaModuleHandler.h">
      <Filter>Header Files\machine</Filter>
    </ClInclude>
    <ClInclude Include="biaConstChar.h">
      <Filter>Header Files\api\framework\native</Filter>
    </ClInclude>
    <ClInclude Include="biaString.h">
      <Filter>Header Files\api\framework\native</Filter>
    </ClInclude>
    <ClInclude Include="biaStringBase.h">
      <Filter>Header Files\api\framework\native</Filter>
    </ClInclude>
    <ClInclude Include="biaStringRef.h">
      <Filter>Header Files\api\framework\native</Filter>
    </ClInclude>
    <ClInclude Include="biaNumberBase.h">
      <Filter>Header Files\api\framework\native</Filter>
    </ClInclude>
    <ClInclude Include="biaDisassembler.h">
      <Filter>Header Files\machine\debug</Filter>
    </ClInclude>
    <ClInclude Include="biaClass.h">
      <Filter>Header Files\api\framework\object</Filter>
    </ClInclude>
    <ClInclude Include="biaClassRaw.h">
      <Filter>Header Files\api\framework\object</Filter>
    </ClInclude>
    <ClInclude Include="biaClassRef.h">
      <Filter>Header Files\api\framework\object</Filter>
    </ClInclude>
    <ClInclude Include="biaClassWrapper.h">
      <Filter>Header Files\api\framework\object</Filter>
    </ClInclude>
    <ClInclude Include="biaClassWrapperMember.h">
      <Filter>Header Files\api\framework\object</Filter>
    </ClInclude>
    <ClInclude Include="biaInterpreter.h">
      <Filter>Header Files\api\grammar</Filter>
    </ClInclude>
    <ClInclude Include="biaInterpreterTokens.h">
      <Filter>Header Files\api\grammar</Filter>
    </ClInclude>
    <ClInclude Include="biaInterpreterRule.h">
      <Filter>Header Files\api\grammar</Filter>
    </ClInclude>
    <ClInclude Include="biaReportBundle.h">
      <Filter>Header Files\api\grammar</Filter>
    </ClInclude>
    <ClInclude Include="biaInterpreterStringSet.h">
      <Filter>Header Files\api\grammar</Filter>
    </ClInclude>
    <ClInclude Include="biaCompiler.h">
      <Filter>Header Files\api\compiler</Filter>
    </ClInclude>
    <ClInclude Include="biaInterpreterIdentifiers.h">
      <Filter>Header Files\api\grammar</Filter>
    </ClInclude>
  </ItemGroup>
  <ItemGroup>
    <ResourceCompile Include="Resource.rc">
      <Filter>Resource Files</Filter>
    </ResourceCompile>
  </ItemGroup>
</Project>