<?xml version="1.0" encoding="utf-8"?>
<Project ToolsVersion="4.0" xmlns="http://schemas.microsoft.com/developer/msbuild/2003">
  <ItemGroup>
    <Filter Include="Source Files">
      <UniqueIdentifier>{4FC737F1-C7A5-4376-A066-2A32D752A2FF}</UniqueIdentifier>
      <Extensions>cpp;c;cc;cxx;def;odl;idl;hpj;bat;asm;asmx</Extensions>
    </Filter>
    <Filter Include="Header Files">
      <UniqueIdentifier>{93995380-89BD-4b04-88EB-625FBE52EBFB}</UniqueIdentifier>
      <Extensions>h;hh;hpp;hxx;hm;inl;inc;xsd</Extensions>
    </Filter>
    <Filter Include="Resource Files">
      <UniqueIdentifier>{67DA6AB6-F800-4c08-8B7A-83BB121AAD01}</UniqueIdentifier>
      <Extensions>rc;ico;cur;bmp;dlg;rc2;rct;bin;rgs;gif;jpg;jpeg;jpe;resx;tiff;tif;png;wav;mfcribbon-ms</Extensions>
    </Filter>
  </ItemGroup>
  <ItemGroup>
    <ClCompile Include="bia.cpp">
      <Filter>Source Files</Filter>
    </ClCompile>
    <ClCompile Include="biaMachineCode.cpp">
      <Filter>Source Files</Filter>
    </ClCompile>
    <ClCompile Include="biaMachineContext.cpp">
      <Filter>Source Files</Filter>
    </ClCompile>
    <ClCompile Include="biaOutputStreamBuffer.cpp">
      <Filter>Source Files</Filter>
    </ClCompile>
    <ClCompile Include="main.cpp">
      <Filter>Source Files</Filter>
    </ClCompile>
  </ItemGroup>
  <ItemGroup>
    <ClInclude Include="bia.hpp">
      <Filter>Header Files</Filter>
    </ClInclude>
    <ClInclude Include="biaArchitecture.hpp">
      <Filter>Header Files</Filter>
    </ClInclude>
    <ClInclude Include="biaCompiler.hpp">
      <Filter>Header Files</Filter>
    </ClInclude>
    <ClInclude Include="biaConfig.hpp">
      <Filter>Header Files</Filter>
    </ClInclude>
    <ClInclude Include="biaException.hpp">
      <Filter>Header Files</Filter>
    </ClInclude>
    <ClInclude Include="biaGrammar.hpp">
      <Filter>Header Files</Filter>
    </ClInclude>
    <ClInclude Include="biaInputStream.hpp">
      <Filter>Header Files</Filter>
    </ClInclude>
    <ClInclude Include="biaInterpreter.hpp">
      <Filter>Header Files</Filter>
    </ClInclude>
    <ClInclude Include="biaInterpreterIdentifiers.hpp">
      <Filter>Header Files</Filter>
    </ClInclude>
    <ClInclude Include="biaInterpreterRule.hpp">
      <Filter>Header Files</Filter>
    </ClInclude>
    <ClInclude Include="biaInterpreterStringSet.hpp">
      <Filter>Header Files</Filter>
    </ClInclude>
    <ClInclude Include="biaInterpreterTokens.hpp">
      <Filter>Header Files</Filter>
    </ClInclude>
    <ClInclude Include="biaMachineCode.hpp">
      <Filter>Header Files</Filter>
    </ClInclude>
    <ClInclude Include="biaMachineCompiler.hpp">
      <Filter>Header Files</Filter>
    </ClInclude>
    <ClInclude Include="biaMachineContext.hpp">
      <Filter>Header Files</Filter>
    </ClInclude>
    <ClInclude Include="biaMember.hpp">
      <Filter>Header Files</Filter>
    </ClInclude>
    <ClInclude Include="biaOutputStream.hpp">
      <Filter>Header Files</Filter>
    </ClInclude>
    <ClInclude Include="biaOutputStreamBuffer.hpp">
      <Filter>Header Files</Filter>
    </ClInclude>
    <ClInclude Include="biaReportBundle.hpp">
      <Filter>Header Files</Filter>
    </ClInclude>
    <ClInclude Include="biaStorage.hpp">
      <Filter>Header Files</Filter>
    </ClInclude>
    <ClInclude Include="biaToolGcc.hpp">
      <Filter>Header Files</Filter>
    </ClInclude>
    <ClInclude Include="biax86.hpp">
      <Filter>Header Files</Filter>
    </ClInclude>
  </ItemGroup>
</Project>