<?xml version="1.0" encoding="utf-8"?>
<Project ToolsVersion="4.0" xmlns="http://schemas.microsoft.com/developer/msbuild/2003">
  <ItemGroup>
    <Filter Include="Source Files">
      <UniqueIdentifier>{4FC737F1-C7A5-4376-A066-2A32D752A2FF}</UniqueIdentifier>
      <Extensions>cpp;c;cc;cxx;def;odl;idl;hpj;bat;asm;asmx</Extensions>
    </Filter>
    <Filter Include="Header Files">
      <UniqueIdentifier>{93995380-89BD-4b04-88EB-625FBE52EBFB}</UniqueIdentifier>
      <Extensions>h;hh;hpp;hxx;hm;inl;inc;xsd</Extensions>
    </Filter>
    <Filter Include="Resource Files">
      <UniqueIdentifier>{67DA6AB6-F800-4c08-8B7A-83BB121AAD01}</UniqueIdentifier>
      <Extensions>rc;ico;cur;bmp;dlg;rc2;rct;bin;rgs;gif;jpg;jpeg;jpe;resx;tiff;tif;png;wav;mfcribbon-ms</Extensions>
    </Filter>
    <Filter Include="Header Files\compiler">
      <UniqueIdentifier>{7fbb595e-5c09-4b5d-98ea-c2ede1c6af7d}</UniqueIdentifier>
    </Filter>
    <Filter Include="Header Files\machine">
      <UniqueIdentifier>{f3c6978f-4d52-4d25-be83-f6ede58ed7d4}</UniqueIdentifier>
    </Filter>
    <Filter Include="Source Files\machine">
      <UniqueIdentifier>{2a36cedb-a4a1-42d9-b354-7fe36f62c41c}</UniqueIdentifier>
    </Filter>
    <Filter Include="Source Files\stream">
      <UniqueIdentifier>{de11f0e1-8210-4447-bc7b-c5a3feb2e2b2}</UniqueIdentifier>
    </Filter>
    <Filter Include="Header Files\stream">
      <UniqueIdentifier>{0fab095a-ab87-4d21-9de0-9205b5f57776}</UniqueIdentifier>
    </Filter>
    <Filter Include="Header Files\machine\architecture">
      <UniqueIdentifier>{c8f001b3-0745-4231-88a2-a567801fa485}</UniqueIdentifier>
    </Filter>
    <Filter Include="Header Files\grammar">
      <UniqueIdentifier>{29b28362-ca7c-4c23-9607-54039a8898d7}</UniqueIdentifier>
    </Filter>
    <Filter Include="Header Files\machine\link">
      <UniqueIdentifier>{7017d3e0-f814-42b3-b90f-df3d2a64f2e5}</UniqueIdentifier>
    </Filter>
    <Filter Include="Header Files\framework">
      <UniqueIdentifier>{ae480377-60c3-4183-ac29-fc29231c764f}</UniqueIdentifier>
    </Filter>
    <Filter Include="Header Files\machine\disassembler">
      <UniqueIdentifier>{2c50b938-5c4b-4bdd-bf5e-2d500407e81f}</UniqueIdentifier>
    </Filter>
    <Filter Include="Source Files\framework">
      <UniqueIdentifier>{58b22ed4-9623-4f29-8907-8e30c4585db5}</UniqueIdentifier>
    </Filter>
    <Filter Include="Source Files\compiler">
      <UniqueIdentifier>{dfb82fe3-3f18-4146-b212-f5ed12700c66}</UniqueIdentifier>
    </Filter>
    <Filter Include="Source Files\machine\link">
      <UniqueIdentifier>{9d176a48-210b-4979-9f2c-1f2d4d08cadd}</UniqueIdentifier>
    </Filter>
    <Filter Include="Header Files\force">
      <UniqueIdentifier>{ab1c16fb-40f7-4716-87f5-5a83852f65f0}</UniqueIdentifier>
    </Filter>
    <Filter Include="Header Files\utility">
      <UniqueIdentifier>{157f94e7-ac36-4cfe-8f0e-71ba9f4118bd}</UniqueIdentifier>
    </Filter>
    <Filter Include="Header Files\framework\executable">
      <UniqueIdentifier>{c8f3c24a-0d9a-4c7b-917f-74e54e2ee5dc}</UniqueIdentifier>
    </Filter>
  </ItemGroup>
  <ItemGroup>
    <ClCompile Include="main.cpp">
      <Filter>Source Files</Filter>
    </ClCompile>
    <ClCompile Include="biaMachineContext.cpp">
      <Filter>Source Files\machine</Filter>
    </ClCompile>
    <ClCompile Include="biaMachineCode.cpp">
      <Filter>Source Files\machine</Filter>
    </ClCompile>
    <ClCompile Include="biaOutputStreamBuffer.cpp">
      <Filter>Source Files\stream</Filter>
    </ClCompile>
    <ClCompile Include="biaMachineDecoder.cpp">
      <Filter>Source Files</Filter>
    </ClCompile>
    <ClCompile Include="biaCompiler.cpp">
      <Filter>Source Files\compiler</Filter>
    </ClCompile>
    <ClCompile Include="biaInstantiate.cpp">
      <Filter>Source Files\machine\link</Filter>
    </ClCompile>
    <ClCompile Include="biaOperator.cpp">
      <Filter>Source Files</Filter>
    </ClCompile>
    <ClCompile Include="biaInterpreterRule.cpp">
      <Filter>Source Files</Filter>
    </ClCompile>
    <ClCompile Include="biaUndefined.cpp">
      <Filter>Source Files\framework</Filter>
    </ClCompile>
    <ClCompile Include="biaAllocator.cpp">
      <Filter>Source Files</Filter>
    </ClCompile>
    <ClCompile Include="biaCString.cpp">
      <Filter>Source Files</Filter>
    </ClCompile>
    <ClCompile Include="biaNameManager.cpp">
      <Filter>Source Files\machine</Filter>
    </ClCompile>
    <ClCompile Include="biaMachineSchein.cpp">
      <Filter>Source Files</Filter>
    </ClCompile>
  </ItemGroup>
  <ItemGroup>
    <ClInclude Include="biaConfig.hpp">
      <Filter>Header Files</Filter>
    </ClInclude>
    <ClInclude Include="biaException.hpp">
      <Filter>Header Files</Filter>
    </ClInclude>
    <ClInclude Include="biaHasher.hpp">
      <Filter>Header Files</Filter>
    </ClInclude>
    <ClInclude Include="resource.h">
      <Filter>Header Files</Filter>
    </ClInclude>
    <ClInclude Include="biaMember.hpp">
      <Filter>Header Files\framework</Filter>
    </ClInclude>
    <ClInclude Include="biaCompiler.hpp">
      <Filter>Header Files\compiler</Filter>
    </ClInclude>
    <ClInclude Include="biaGrammar.hpp">
      <Filter>Header Files\grammar</Filter>
    </ClInclude>
    <ClInclude Include="biaInputStream.hpp">
      <Filter>Header Files\stream</Filter>
    </ClInclude>
    <ClInclude Include="biaInterpreter.hpp">
      <Filter>Header Files\grammar</Filter>
    </ClInclude>
    <ClInclude Include="biaInterpreterIdentifiers.hpp">
      <Filter>Header Files\grammar</Filter>
    </ClInclude>
    <ClInclude Include="biaInterpreterRule.hpp">
      <Filter>Header Files\grammar</Filter>
    </ClInclude>
    <ClInclude Include="biaInterpreterStringSet.hpp">
      <Filter>Header Files\grammar</Filter>
    </ClInclude>
    <ClInclude Include="biaInterpreterTokens.hpp">
      <Filter>Header Files\grammar</Filter>
    </ClInclude>
    <ClInclude Include="biaMachineCode.hpp">
      <Filter>Header Files\machine</Filter>
    </ClInclude>
    <ClInclude Include="biaMachineContext.hpp">
      <Filter>Header Files\machine</Filter>
    </ClInclude>
    <ClInclude Include="biaOutputStream.hpp">
      <Filter>Header Files\stream</Filter>
    </ClInclude>
    <ClInclude Include="biaOutputStreamBuffer.hpp">
      <Filter>Header Files\stream</Filter>
    </ClInclude>
    <ClInclude Include="biaReportBundle.hpp">
      <Filter>Header Files\grammar</Filter>
    </ClInclude>
    <ClInclude Include="biaStorage.hpp">
      <Filter>Header Files\machine</Filter>
    </ClInclude>
    <ClInclude Include="biaInstantiate.hpp">
      <Filter>Header Files\machine\link</Filter>
    </ClInclude>
    <ClInclude Include="biaPrint.hpp">
      <Filter>Header Files\machine\link</Filter>
    </ClInclude>
    <ClInclude Include="biaLink.hpp">
      <Filter>Header Files\machine\link</Filter>
    </ClInclude>
    <ClInclude Include="biaArchitecture.hpp">
      <Filter>Header Files\machine\architecture</Filter>
    </ClInclude>
    <ClInclude Include="biaToolset.hpp">
      <Filter>Header Files\machine\architecture</Filter>
    </ClInclude>
    <ClInclude Include="biaConstantOperation.hpp">
      <Filter>Header Files\compiler</Filter>
    </ClInclude>
    <ClInclude Include="biaTemporaryStorage.hpp">
      <Filter>Header Files\machine</Filter>
    </ClInclude>
    <ClInclude Include="biaTempCounter.hpp">
      <Filter>Header Files\compiler</Filter>
    </ClInclude>
    <ClInclude Include="biaAllocator.hpp">
      <Filter>Header Files\machine</Filter>
    </ClInclude>
    <ClInclude Include="biaDisassembler.hpp">
      <Filter>Header Files\machine\disassembler</Filter>
    </ClInclude>
    <ClInclude Include="biaMachineDecoder.hpp">
      <Filter>Header Files\machine\disassembler</Filter>
    </ClInclude>
    <ClInclude Include="biaVariableHandler.hpp">
      <Filter>Header Files\machine</Filter>
    </ClInclude>
    <ClInclude Include="biaNativeVariable.hpp">
      <Filter>Header Files\framework</Filter>
    </ClInclude>
    <ClInclude Include="biaInt.hpp">
      <Filter>Header Files\framework</Filter>
    </ClInclude>
    <ClInclude Include="biaOperator.hpp">
      <Filter>Header Files\machine\link</Filter>
    </ClInclude>
    <ClInclude Include="biaLocalVariableHandler.hpp">
      <Filter>Header Files\compiler</Filter>
    </ClInclude>
    <ClInclude Include="biaDisguisedCalled.hpp">
      <Filter>Header Files\force</Filter>
    </ClInclude>
    <ClInclude Include="biaUndefined.hpp">
      <Filter>Header Files\framework</Filter>
    </ClInclude>
    <ClInclude Include="biaMemberCreator.hpp">
      <Filter>Header Files\framework</Filter>
    </ClInclude>
    <ClInclude Include="biaCString.h">
      <Filter>Header Files\framework</Filter>
    </ClInclude>
    <ClInclude Include="biaHash.hpp">
      <Filter>Header Files\utility</Filter>
    </ClInclude>
    <ClInclude Include="biaNameManager.hpp">
      <Filter>Header Files\machine</Filter>
    </ClInclude>
    <ClInclude Include="biaStaticFunction.hpp">
      <Filter>Header Files\framework\executable</Filter>
    </ClInclude>
    <ClInclude Include="biaFunction.hpp">
      <Filter>Header Files\framework\executable</Filter>
    </ClInclude>
    <ClInclude Include="biaMachineSchein.hpp">
      <Filter>Header Files\machine</Filter>
    </ClInclude>
  </ItemGroup>
  <ItemGroup>
    <ResourceCompile Include="Resource.rc">
      <Filter>Resource Files</Filter>
    </ResourceCompile>
  </ItemGroup>
</Project>