<?xml version="1.0" encoding="utf-8"?>
<Project ToolsVersion="4.0" xmlns="http://schemas.microsoft.com/developer/msbuild/2003">
  <ItemGroup>
    <Filter Include="Source Files">
      <UniqueIdentifier>{4FC737F1-C7A5-4376-A066-2A32D752A2FF}</UniqueIdentifier>
      <Extensions>cpp;c;cc;cxx;def;odl;idl;hpj;bat;asm;asmx</Extensions>
    </Filter>
    <Filter Include="Header Files">
      <UniqueIdentifier>{93995380-89BD-4b04-88EB-625FBE52EBFB}</UniqueIdentifier>
      <Extensions>h;hh;hpp;hxx;hm;inl;inc;xsd</Extensions>
    </Filter>
    <Filter Include="Resource Files">
      <UniqueIdentifier>{67DA6AB6-F800-4c08-8B7A-83BB121AAD01}</UniqueIdentifier>
      <Extensions>rc;ico;cur;bmp;dlg;rc2;rct;bin;rgs;gif;jpg;jpeg;jpe;resx;tiff;tif;png;wav;mfcribbon-ms</Extensions>
    </Filter>
    <Filter Include="Header Files\compiler">
      <UniqueIdentifier>{7fbb595e-5c09-4b5d-98ea-c2ede1c6af7d}</UniqueIdentifier>
    </Filter>
    <Filter Include="Header Files\machine">
      <UniqueIdentifier>{f3c6978f-4d52-4d25-be83-f6ede58ed7d4}</UniqueIdentifier>
    </Filter>
    <Filter Include="Source Files\machine">
      <UniqueIdentifier>{2a36cedb-a4a1-42d9-b354-7fe36f62c41c}</UniqueIdentifier>
    </Filter>
    <Filter Include="Source Files\stream">
      <UniqueIdentifier>{de11f0e1-8210-4447-bc7b-c5a3feb2e2b2}</UniqueIdentifier>
    </Filter>
    <Filter Include="Header Files\stream">
      <UniqueIdentifier>{0fab095a-ab87-4d21-9de0-9205b5f57776}</UniqueIdentifier>
    </Filter>
    <Filter Include="Header Files\grammar">
      <UniqueIdentifier>{29b28362-ca7c-4c23-9607-54039a8898d7}</UniqueIdentifier>
    </Filter>
    <Filter Include="Header Files\machine\link">
      <UniqueIdentifier>{7017d3e0-f814-42b3-b90f-df3d2a64f2e5}</UniqueIdentifier>
    </Filter>
    <Filter Include="Header Files\framework">
      <UniqueIdentifier>{ae480377-60c3-4183-ac29-fc29231c764f}</UniqueIdentifier>
    </Filter>
    <Filter Include="Source Files\framework">
      <UniqueIdentifier>{58b22ed4-9623-4f29-8907-8e30c4585db5}</UniqueIdentifier>
    </Filter>
    <Filter Include="Source Files\compiler">
      <UniqueIdentifier>{dfb82fe3-3f18-4146-b212-f5ed12700c66}</UniqueIdentifier>
    </Filter>
    <Filter Include="Source Files\machine\link">
      <UniqueIdentifier>{9d176a48-210b-4979-9f2c-1f2d4d08cadd}</UniqueIdentifier>
    </Filter>
    <Filter Include="Header Files\force">
      <UniqueIdentifier>{ab1c16fb-40f7-4716-87f5-5a83852f65f0}</UniqueIdentifier>
    </Filter>
    <Filter Include="Header Files\utility">
      <UniqueIdentifier>{157f94e7-ac36-4cfe-8f0e-71ba9f4118bd}</UniqueIdentifier>
    </Filter>
    <Filter Include="Header Files\framework\executable">
      <UniqueIdentifier>{c8f3c24a-0d9a-4c7b-917f-74e54e2ee5dc}</UniqueIdentifier>
    </Filter>
    <Filter Include="Header Files\framework\object">
      <UniqueIdentifier>{7ee261cb-4157-4079-a001-26ce0906ad04}</UniqueIdentifier>
    </Filter>
    <Filter Include="Header Files\framework\native">
      <UniqueIdentifier>{d78ba02e-fd6b-4b8a-9130-2b3312803e66}</UniqueIdentifier>
    </Filter>
    <Filter Include="Source Files\grammar">
      <UniqueIdentifier>{f2abf7ed-e624-43d4-a584-25d26a5f1d83}</UniqueIdentifier>
    </Filter>
    <Filter Include="Header Files\machine\modular">
      <UniqueIdentifier>{ab3d6e83-449b-4d19-bfad-51fa7a6b4156}</UniqueIdentifier>
    </Filter>
    <Filter Include="Source Files\machine\modular">
      <UniqueIdentifier>{e3966599-d66f-4794-9b00-654ff3c2f869}</UniqueIdentifier>
    </Filter>
    <Filter Include="Header Files\exception">
      <UniqueIdentifier>{5b2d5c39-c07e-429c-8b66-ab870366829f}</UniqueIdentifier>
    </Filter>
    <Filter Include="Header Files\machine\platform">
      <UniqueIdentifier>{c8f001b3-0745-4231-88a2-a567801fa485}</UniqueIdentifier>
    </Filter>
    <Filter Include="Header Files\machine\memory">
      <UniqueIdentifier>{b3ffdefd-e716-4c62-882b-b324e3bf2269}</UniqueIdentifier>
    </Filter>
    <Filter Include="Source Files\machine\memory">
      <UniqueIdentifier>{6f43b67c-71c9-42b7-9379-6ebb08941274}</UniqueIdentifier>
    </Filter>
    <Filter Include="Header Files\encoding">
      <UniqueIdentifier>{e2e35048-2f68-44d5-85a5-2027aa35801e}</UniqueIdentifier>
    </Filter>
    <Filter Include="Source Files\encoding">
      <UniqueIdentifier>{a03cb765-035e-4b30-8e07-63e297ab35b5}</UniqueIdentifier>
    </Filter>
    <Filter Include="Source Files\framework\object">
      <UniqueIdentifier>{34d6a547-8a35-42c2-bd56-c005d4d7f6ec}</UniqueIdentifier>
    </Filter>
    <Filter Include="Source Files\framework\native">
      <UniqueIdentifier>{0a236c15-4e27-4ad6-b580-264b476386e3}</UniqueIdentifier>
    </Filter>
    <Filter Include="Header Files\dependency">
      <UniqueIdentifier>{f03efed1-96d9-4cec-9b65-31f7391608d6}</UniqueIdentifier>
    </Filter>
    <Filter Include="Source Files\dependency">
      <UniqueIdentifier>{dbdee223-1bca-42f3-b81e-08be42573bc8}</UniqueIdentifier>
    </Filter>
    <Filter Include="Header Files\common">
      <UniqueIdentifier>{91f841e8-df12-4670-a284-baa71fcff7fb}</UniqueIdentifier>
    </Filter>
    <Filter Include="Source Files\common">
      <UniqueIdentifier>{b62cd1b3-3f84-4d0c-af28-a80977c9c1cf}</UniqueIdentifier>
    </Filter>
    <Filter Include="Header Files\machine\virtual_machine">
      <UniqueIdentifier>{9dbedc63-6566-4c0d-8633-bff1e8d534a5}</UniqueIdentifier>
    </Filter>
    <Filter Include="Source Files\machine\virtual_machine">
      <UniqueIdentifier>{a46065d0-f799-448f-8e9b-2c2eb7318795}</UniqueIdentifier>
    </Filter>
    <Filter Include="Source Files\utility">
      <UniqueIdentifier>{f1d4d637-d7bf-42d0-a860-68c8e09e9355}</UniqueIdentifier>
    </Filter>
    <Filter Include="Source Files\machine\platform">
      <UniqueIdentifier>{d85be8c1-d6a8-4291-aab6-41beae7b2033}</UniqueIdentifier>
    </Filter>
  </ItemGroup>
  <ItemGroup>
    <ClCompile Include="main.cpp">
      <Filter>Source Files</Filter>
    </ClCompile>
    <ClCompile Include="syntax.cpp">
      <Filter>Source Files\grammar</Filter>
    </ClCompile>
    <ClCompile Include="undefined_member.cpp">
      <Filter>Source Files\framework</Filter>
    </ClCompile>
    <ClCompile Include="compiler.cpp">
      <Filter>Source Files\compiler</Filter>
    </ClCompile>
    <ClCompile Include="simple_allocator.cpp">
      <Filter>Source Files\machine\memory</Filter>
    </ClCompile>
    <ClCompile Include="machine_context.cpp">
      <Filter>Source Files\machine</Filter>
    </ClCompile>
    <ClCompile Include="instantiate.cpp">
      <Filter>Source Files\machine\link</Filter>
    </ClCompile>
    <ClCompile Include="buffer_input_stream.cpp">
      <Filter>Source Files\stream</Filter>
    </ClCompile>
    <ClCompile Include="utf8.cpp">
      <Filter>Source Files\encoding</Filter>
    </ClCompile>
    <ClCompile Include="utf32.cpp">
      <Filter>Source Files\encoding</Filter>
    </ClCompile>
    <ClCompile Include="buffer_output_stream.cpp">
      <Filter>Source Files\stream</Filter>
    </ClCompile>
    <ClCompile Include="operation.cpp">
      <Filter>Source Files\machine\link</Filter>
    </ClCompile>
    <ClCompile Include="disassembler.cpp">
      <Filter>Source Files\machine</Filter>
    </ClCompile>
    <ClCompile Include="variable_index.cpp">
      <Filter>Source Files\machine</Filter>
    </ClCompile>
    <ClCompile Include="member_map.cpp">
      <Filter>Source Files\framework\object</Filter>
    </ClCompile>
    <ClCompile Include="namespace_member.cpp">
      <Filter>Source Files\framework\object</Filter>
    </ClCompile>
    <ClCompile Include="module_loader.cpp">
      <Filter>Source Files\machine\modular</Filter>
    </ClCompile>
    <ClCompile Include="double_member.cpp">
      <Filter>Source Files\framework\native</Filter>
    </ClCompile>
    <ClCompile Include="big_int_allocator.cpp">
      <Filter>Source Files\machine\memory</Filter>
    </ClCompile>
    <ClCompile Include="big_int.cpp">
      <Filter>Source Files\dependency</Filter>
    </ClCompile>
    <ClCompile Include="big_int_member.cpp">
      <Filter>Source Files\framework\native</Filter>
    </ClCompile>
    <ClCompile Include="int_member.cpp">
      <Filter>Source Files\framework\native</Filter>
    </ClCompile>
    <ClCompile Include="member_names.cpp">
      <Filter>Source Files\common</Filter>
    </ClCompile>
    <ClCompile Include="script_map.cpp">
      <Filter>Source Files\machine</Filter>
    </ClCompile>
    <ClCompile Include="compiler_loop_tracker.cpp">
      <Filter>Source Files\compiler</Filter>
    </ClCompile>
    <ClCompile Include="scope_handler.cpp">
      <Filter>Source Files\compiler</Filter>
    </ClCompile>
    <ClCompile Include="virtual_machine_code.cpp">
      <Filter>Source Files\machine\virtual_machine</Filter>
    </ClCompile>
    <ClCompile Include="virtual_translator.cpp">
      <Filter>Source Files\machine\virtual_machine</Filter>
    </ClCompile>
    <ClCompile Include="lexer.cpp">
      <Filter>Source Files\grammar</Filter>
    </ClCompile>
    <ClCompile Include="grammar_rule.cpp">
      <Filter>Source Files\grammar</Filter>
    </ClCompile>
    <ClCompile Include="lexer_token.cpp">
      <Filter>Source Files\grammar</Filter>
    </ClCompile>
    <ClCompile Include="scope_exit.cpp">
      <Filter>Source Files\utility</Filter>
    </ClCompile>
    <ClCompile Include="virtual_member_map.cpp">
      <Filter>Source Files\machine\virtual_machine</Filter>
    </ClCompile>
    <ClCompile Include="machine_code.cpp">
      <Filter>Source Files\machine\platform</Filter>
    </ClCompile>
    <ClCompile Include="schein.cpp">
      <Filter>Source Files\machine</Filter>
    </ClCompile>
    <ClCompile Include="virtual_machine_schein.cpp">
      <Filter>Source Files\machine\virtual_machine</Filter>
    </ClCompile>
    <ClCompile Include="name_manager.cpp">
      <Filter>Source Files\machine</Filter>
    </ClCompile>
    <ClCompile Include="member_array.cpp">
      <Filter>Source Files\machine</Filter>
    </ClCompile>
    <ClCompile Include="virtual_disassembler.cpp">
      <Filter>Source Files\machine\virtual_machine</Filter>
    </ClCompile>
    <ClCompile Include="string_manager.cpp">
      <Filter>Source Files\machine</Filter>
    </ClCompile>
  </ItemGroup>
  <ItemGroup>
    <ClInclude Include="resource.h">
      <Filter>Header Files</Filter>
    </ClInclude>
    <ClInclude Include="compiler.hpp">
      <Filter>Header Files\compiler</Filter>
    </ClInclude>
    <ClInclude Include="output_stream.hpp">
      <Filter>Header Files\stream</Filter>
    </ClInclude>
    <ClInclude Include="config.hpp">
      <Filter>Header Files</Filter>
    </ClInclude>
    <ClInclude Include="hasher.hpp">
      <Filter>Header Files\utility</Filter>
    </ClInclude>
    <ClInclude Include="architecture.hpp">
      <Filter>Header Files\machine\platform</Filter>
    </ClInclude>
    <ClInclude Include="machine_context.hpp">
      <Filter>Header Files\machine</Filter>
    </ClInclude>
    <ClInclude Include="syntax.hpp">
      <Filter>Header Files\grammar</Filter>
    </ClInclude>
    <ClInclude Include="report_bundle.hpp">
      <Filter>Header Files\grammar</Filter>
    </ClInclude>
    <ClInclude Include="exception.hpp">
      <Filter>Header Files\exception</Filter>
    </ClInclude>
    <ClInclude Include="member.hpp">
      <Filter>Header Files\framework</Filter>
    </ClInclude>
    <ClInclude Include="operator.hpp">
      <Filter>Header Files\framework</Filter>
    </ClInclude>
    <ClInclude Include="undefined_member.hpp">
      <Filter>Header Files\framework</Filter>
    </ClInclude>
    <ClInclude Include="create_member.hpp">
      <Filter>Header Files\framework</Filter>
    </ClInclude>
    <ClInclude Include="native_variable.hpp">
      <Filter>Header Files\framework\native</Filter>
    </ClInclude>
    <ClInclude Include="native_type.hpp">
      <Filter>Header Files\framework\native</Filter>
    </ClInclude>
    <ClInclude Include="type_traits.hpp">
      <Filter>Header Files\utility</Filter>
    </ClInclude>
    <ClInclude Include="print.hpp">
      <Filter>Header Files\machine\link</Filter>
    </ClInclude>
    <ClInclude Include="constant_operation.hpp">
      <Filter>Header Files\compiler</Filter>
    </ClInclude>
    <ClInclude Include="temp_counter.hpp">
      <Filter>Header Files\compiler</Filter>
    </ClInclude>
    <ClInclude Include="input_stream.hpp">
      <Filter>Header Files\stream</Filter>
    </ClInclude>
    <ClInclude Include="buffer_output_stream.hpp">
      <Filter>Header Files\stream</Filter>
    </ClInclude>
    <ClInclude Include="buffer_input_stream.hpp">
      <Filter>Header Files\stream</Filter>
    </ClInclude>
    <ClInclude Include="function.hpp">
      <Filter>Header Files\framework\executable</Filter>
    </ClInclude>
    <ClInclude Include="static_function.hpp">
      <Filter>Header Files\framework\executable</Filter>
    </ClInclude>
    <ClInclude Include="allocator.hpp">
      <Filter>Header Files\machine\memory</Filter>
    </ClInclude>
    <ClInclude Include="simple_allocator.hpp">
      <Filter>Header Files\machine\memory</Filter>
    </ClInclude>
    <ClInclude Include="cstring_member.hpp">
      <Filter>Header Files\framework\native</Filter>
    </ClInclude>
    <ClInclude Include="member_function.hpp">
      <Filter>Header Files\framework\executable</Filter>
    </ClInclude>
    <ClInclude Include="lambda_function.hpp">
      <Filter>Header Files\framework\executable</Filter>
    </ClInclude>
    <ClInclude Include="native_reference.hpp">
      <Filter>Header Files\framework\native</Filter>
    </ClInclude>
    <ClInclude Include="initiator.hpp">
      <Filter>Header Files\force</Filter>
    </ClInclude>
    <ClInclude Include="compiler_value.hpp">
      <Filter>Header Files\compiler</Filter>
    </ClInclude>
    <ClInclude Include="report.hpp">
      <Filter>Header Files\grammar</Filter>
    </ClInclude>
    <ClInclude Include="utf32.hpp">
      <Filter>Header Files\encoding</Filter>
    </ClInclude>
    <ClInclude Include="string_key.hpp">
      <Filter>Header Files\utility</Filter>
    </ClInclude>
    <ClInclude Include="utf8.hpp">
      <Filter>Header Files\encoding</Filter>
    </ClInclude>
    <ClInclude Include="instantiate.hpp">
      <Filter>Header Files\machine\link</Filter>
    </ClInclude>
    <ClInclude Include="link.hpp">
      <Filter>Header Files\machine\link</Filter>
    </ClInclude>
    <ClInclude Include="native_operator.hpp">
      <Filter>Header Files\framework\native</Filter>
    </ClInclude>
    <ClInclude Include="native_test_operator.hpp">
      <Filter>Header Files\framework\native</Filter>
    </ClInclude>
    <ClInclude Include="stl_allocator_wrapper.hpp">
      <Filter>Header Files\machine\memory</Filter>
    </ClInclude>
    <ClInclude Include="executable_allocator.hpp">
      <Filter>Header Files\machine\memory</Filter>
    </ClInclude>
    <ClInclude Include="operation.hpp">
      <Filter>Header Files\machine\link</Filter>
    </ClInclude>
    <ClInclude Include="disassembler.hpp">
      <Filter>Header Files\machine</Filter>
    </ClInclude>
    <ClInclude Include="variable_index.hpp">
      <Filter>Header Files\machine</Filter>
    </ClInclude>
    <ClInclude Include="guard.hpp">
      <Filter>Header Files\utility</Filter>
    </ClInclude>
    <ClInclude Include="compile_compare_operation.hpp">
      <Filter>Header Files\compiler</Filter>
    </ClInclude>
    <ClInclude Include="compile_normal_operation.hpp">
      <Filter>Header Files\compiler</Filter>
    </ClInclude>
    <ClInclude Include="share.hpp">
      <Filter>Header Files\utility</Filter>
    </ClInclude>
    <ClInclude Include="scope_handler.hpp">
      <Filter>Header Files\compiler</Filter>
    </ClInclude>
    <ClInclude Include="max_member_size.hpp">
      <Filter>Header Files\framework</Filter>
    </ClInclude>
    <ClInclude Include="bia.hpp">
      <Filter>Header Files</Filter>
    </ClInclude>
    <ClInclude Include="string_stream.hpp">
      <Filter>Header Files\stream</Filter>
    </ClInclude>
    <ClInclude Include="encoder.hpp">
      <Filter>Header Files\encoding</Filter>
    </ClInclude>
    <ClInclude Include="ascii.hpp">
      <Filter>Header Files\encoding</Filter>
    </ClInclude>
    <ClInclude Include="constructor_chain.hpp">
      <Filter>Header Files\framework\object</Filter>
    </ClInclude>
    <ClInclude Include="raw_object.hpp">
      <Filter>Header Files\framework\object</Filter>
    </ClInclude>
    <ClInclude Include="class_template.hpp">
      <Filter>Header Files\framework\object</Filter>
    </ClInclude>
    <ClInclude Include="object.hpp">
      <Filter>Header Files\framework\object</Filter>
    </ClInclude>
    <ClInclude Include="instance_holder.hpp">
      <Filter>Header Files\framework\object</Filter>
    </ClInclude>
    <ClInclude Include="architecture_utils.hpp">
      <Filter>Header Files\machine\platform</Filter>
    </ClInclude>
    <ClInclude Include="passer.hpp">
      <Filter>Header Files\machine\platform</Filter>
    </ClInclude>
    <ClInclude Include="static_passer.hpp">
      <Filter>Header Files\machine\platform</Filter>
    </ClInclude>
    <ClInclude Include="member_passer.hpp">
      <Filter>Header Files\machine\platform</Filter>
    </ClInclude>
    <ClInclude Include="varg_member_passer.hpp">
      <Filter>Header Files\machine\platform</Filter>
    </ClInclude>
    <ClInclude Include="module_loader.hpp">
      <Filter>Header Files\machine\modular</Filter>
    </ClInclude>
    <ClInclude Include="namespace_member.hpp">
      <Filter>Header Files\framework\object</Filter>
    </ClInclude>
    <ClInclude Include="config_cmake.hpp">
      <Filter>Header Files</Filter>
    </ClInclude>
    <ClInclude Include="module_library.hpp">
      <Filter>Header Files\machine\modular</Filter>
    </ClInclude>
    <ClInclude Include="template_wrapper.hpp">
      <Filter>Header Files\framework\object</Filter>
    </ClInclude>
    <ClInclude Include="object_variable.hpp">
      <Filter>Header Files\framework\object</Filter>
    </ClInclude>
    <ClInclude Include="custom_member.hpp">
      <Filter>Header Files\framework</Filter>
    </ClInclude>
    <ClInclude Include="max.hpp">
      <Filter>Header Files\utility</Filter>
    </ClInclude>
    <ClInclude Include="virtual_object.hpp">
      <Filter>Header Files\utility</Filter>
    </ClInclude>
    <ClInclude Include="class_template_def.hpp">
      <Filter>Header Files\framework\object</Filter>
    </ClInclude>
    <ClInclude Include="raw_object_def.hpp">
      <Filter>Header Files\framework\object</Filter>
    </ClInclude>
    <ClInclude Include="share_def.hpp">
      <Filter>Header Files\utility</Filter>
    </ClInclude>
    <ClInclude Include="member_map_def.hpp">
      <Filter>Header Files\framework\object</Filter>
    </ClInclude>
    <ClInclude Include="member_map.hpp">
      <Filter>Header Files\framework\object</Filter>
    </ClInclude>
    <ClInclude Include="object_def.hpp">
      <Filter>Header Files\framework\object</Filter>
    </ClInclude>
    <ClInclude Include="lambda_function_def.hpp">
      <Filter>Header Files\framework\executable</Filter>
    </ClInclude>
    <ClInclude Include="member_function_def.hpp">
      <Filter>Header Files\framework\executable</Filter>
    </ClInclude>
    <ClInclude Include="instance_holder_def.hpp">
      <Filter>Header Files\framework\object</Filter>
    </ClInclude>
    <ClInclude Include="cstring_member_def.hpp">
      <Filter>Header Files\framework\native</Filter>
    </ClInclude>
    <ClInclude Include="double_member.hpp">
      <Filter>Header Files\framework\native</Filter>
    </ClInclude>
    <ClInclude Include="big_int.hpp">
      <Filter>Header Files\dependency</Filter>
    </ClInclude>
    <ClInclude Include="big_int_allocator.hpp">
      <Filter>Header Files\machine\memory</Filter>
    </ClInclude>
    <ClInclude Include="member_allocator.hpp">
      <Filter>Header Files\machine\memory</Filter>
    </ClInclude>
    <ClInclude Include="big_int_member.hpp">
      <Filter>Header Files\framework\native</Filter>
    </ClInclude>
    <ClInclude Include="int_member.hpp">
      <Filter>Header Files\framework\native</Filter>
    </ClInclude>
    <ClInclude Include="member_names.hpp">
      <Filter>Header Files\common</Filter>
    </ClInclude>
    <ClInclude Include="buffer_builder.hpp">
      <Filter>Header Files\utility</Filter>
    </ClInclude>
    <ClInclude Include="compiler_loop_tracker.hpp">
      <Filter>Header Files\compiler</Filter>
    </ClInclude>
    <ClInclude Include="local_object.hpp">
      <Filter>Header Files\utility</Filter>
    </ClInclude>
    <ClInclude Include="script_map.hpp">
      <Filter>Header Files\machine</Filter>
    </ClInclude>
    <ClInclude Include="member_cast_type.hpp">
      <Filter>Header Files\framework</Filter>
    </ClInclude>
    <ClInclude Include="virtual_translator.hpp">
      <Filter>Header Files\machine\virtual_machine</Filter>
    </ClInclude>
    <ClInclude Include="op_code.hpp">
      <Filter>Header Files\machine\virtual_machine</Filter>
    </ClInclude>
    <ClInclude Include="x86_translator.hpp">
      <Filter>Header Files\machine\platform</Filter>
    </ClInclude>
    <ClInclude Include="virtual_machine_code.hpp">
      <Filter>Header Files\machine\virtual_machine</Filter>
    </ClInclude>
    <ClInclude Include="lexer.hpp">
      <Filter>Header Files\grammar</Filter>
    </ClInclude>
    <ClInclude Include="grammar_id.hpp">
      <Filter>Header Files\grammar</Filter>
    </ClInclude>
    <ClInclude Include="grammar_rule.hpp">
      <Filter>Header Files\grammar</Filter>
    </ClInclude>
    <ClInclude Include="keyword.hpp">
      <Filter>Header Files\grammar</Filter>
    </ClInclude>
    <ClInclude Include="lexer_token.hpp">
      <Filter>Header Files\grammar</Filter>
    </ClInclude>
    <ClInclude Include="scope_exit.hpp">
      <Filter>Header Files\utility</Filter>
    </ClInclude>
    <ClInclude Include="virtual_member_map.hpp">
      <Filter>Header Files\machine\virtual_machine</Filter>
    </ClInclude>
    <ClInclude Include="code.hpp">
      <Filter>Header Files\machine</Filter>
    </ClInclude>
    <ClInclude Include="machine_code.hpp">
      <Filter>Header Files\machine\platform</Filter>
    </ClInclude>
    <ClInclude Include="schein.hpp">
      <Filter>Header Files\machine</Filter>
    </ClInclude>
    <ClInclude Include="machine_schein.hpp">
      <Filter>Header Files\machine\platform</Filter>
    </ClInclude>
    <ClInclude Include="virtual_machine_schein.hpp">
      <Filter>Header Files\machine\virtual_machine</Filter>
    </ClInclude>
    <ClInclude Include="stack.hpp">
      <Filter>Header Files\machine</Filter>
    </ClInclude>
    <ClInclude Include="virtual_disassembler.hpp">
      <Filter>Header Files\machine\virtual_machine</Filter>
    </ClInclude>
    <ClInclude Include="member_array.hpp">
      <Filter>Header Files\machine</Filter>
    </ClInclude>
    <ClInclude Include="name_manager.hpp">
      <Filter>Header Files\machine</Filter>
    </ClInclude>
    <ClInclude Include="string_manager.hpp">
      <Filter>Header Files\machine</Filter>
    </ClInclude>
    <ClInclude Include="string_resource.hpp">
      <Filter>Header Files\machine</Filter>
    </ClInclude>
    <ClInclude Include="disguised_caller_def.hpp">
      <Filter>Header Files\force</Filter>
    </ClInclude>
    <ClInclude Include="disguised_caller.hpp">
      <Filter>Header Files\force</Filter>
    </ClInclude>
  </ItemGroup>
  <ItemGroup>
    <ResourceCompile Include="Resource.rc">
      <Filter>Resource Files</Filter>
    </ResourceCompile>
  </ItemGroup>
  <ItemGroup>
    <None Include="cpp.hint" />
  </ItemGroup>
</Project>